
Microsoft Visual Studio Solution File, Format Version 12.00
# Visual Studio Version 17
VisualStudioVersion = 17.3.32929.385
MinimumVisualStudioVersion = 10.0.40219.1
Project("{FAE04EC0-301F-11D3-BF4B-00C04F79EFBC}") = "PunktAnzeigen", "PunktAnzeigen\PunktAnzeigen.csproj", "{EAC451A1-0F65-47E5-8A70-B9317C77330A}"
EndProject
Global
	GlobalSection(SolutionConfigurationPlatforms) = preSolution
		Debug|Any CPU = Debug|Any CPU
		Release|Any CPU = Release|Any CPU
	EndGlobalSection
	GlobalSection(ProjectConfigurationPlatforms) = postSolution
		{EAC451A1-0F65-47E5-8A70-B9317C77330A}.Debug|Any CPU.ActiveCfg = Debug|Any CPU
		{EAC451A1-0F65-47E5-8A70-B9317C77330A}.Debug|Any CPU.Build.0 = Debug|Any CPU
		{EAC451A1-0F65-47E5-8A70-B9317C77330A}.Release|Any CPU.ActiveCfg = Release|Any CPU
		{EAC451A1-0F65-47E5-8A70-B9317C77330A}.Release|Any CPU.Build.0 = Release|Any CPU
	EndGlobalSection
	GlobalSection(SolutionProperties) = preSolution
		HideSolutionNode = FALSE
	EndGlobalSection
	GlobalSection(ExtensibilityGlobals) = postSolution
		SolutionGuid = {A2F9EBE1-D286-4916-B030-87DFCAC59311}
	EndGlobalSection
EndGlobal
